PODS:
  - HockeySDK (4.0.1):
    - HockeySDK/AllFeaturesLib (= 4.0.1)
  - HockeySDK/AllFeaturesLib (4.0.1)
  - MBProgressHUD (0.9.2)
  - NextGen (0.0.2):
    - MBProgressHUD (~> 0.9.2)
    - NextGenDataManager (~> 1.0.0)
  - NextGenDataManager (1.0.0)

DEPENDENCIES:
  - HockeySDK
  - NextGen (from `../`)
  - NextGenDataManager (from `../../nextgen-data`)

EXTERNAL SOURCES:
  NextGen:
    :path: "../"
  NextGenDataManager:
    :path: "../../nextgen-data"

SPEC CHECKSUMS:
  HockeySDK: 1b69a82782f6a3d4a1c0b1f04dca4bca83fc8c82
  MBProgressHUD: 1569cf7ace17a8bac47aabfbb8580a49690386d1
  NextGen: db75da964f286f9fd25ca33fdbc7362045a104eb
  NextGenDataManager: 68700c12b4db507f6db1b8698ab0edcfc1d0146a

PODFILE CHECKSUM: 3829cc4ee885e42fcd4a144f84ed727164762215

COCOAPODS: 1.0.1
