PODS:
  - Bolts (1.6.0):
    - Bolts/AppLinks (= 1.6.0)
    - Bolts/Tasks (= 1.6.0)
  - Bolts/AppLinks (1.6.0):
    - Bolts/Tasks
  - Bolts/Tasks (1.6.0)
  - DACircularProgress (2.3.1)
  - Fabric (1.6.7)
  - FBSDKCoreKit (4.10.0):
    - Bolts (~> 1.5)
  - FBSDKLoginKit (4.10.0):
    - FBSDKCoreKit
  - FBSDKShareKit (4.10.0):
    - FBSDKCoreKit
  - Google-Maps-iOS-SDK-for-Business (1.13.0)
  - HockeySDK (3.8.6):
    - HockeySDK/AllFeaturesLib (= 3.8.6)
  - HockeySDK/AllFeaturesLib (3.8.6)
  - MBProgressHUD (0.9.2)
  - MWPhotoBrowser (2.1.1):
    - DACircularProgress (~> 2.3)
    - MBProgressHUD (~> 0.9)
    - SDWebImage (!= 3.7.2, ~> 3.7)
  - SDWebImage (3.7.5):
    - SDWebImage/Core (= 3.7.5)
  - SDWebImage/Core (3.7.5)
  - TwitterCore (1.15.3):
    - Fabric
  - TwitterKit (1.15.3):
    - TwitterCore (= 1.15.3)

DEPENDENCIES:
  - FBSDKCoreKit (~> 4.10)
  - FBSDKLoginKit (~> 4.10)
  - FBSDKShareKit (~> 4.10)
  - Google-Maps-iOS-SDK-for-Business (~> 1.13.0)
  - HockeySDK
  - MBProgressHUD (~> 0.9.2)
  - MWPhotoBrowser
  - TwitterKit (~> 1.15)

SPEC CHECKSUMS:
  Bolts: f52a250053bb517ca874523c3913776359ab3def
  DACircularProgress: 4dd437c0fc3da5161cb289e07ac449493d41db71
  Fabric: caf7580c725e64db144f610ac65cd60956911dc7
  FBSDKCoreKit: 13bec8373fb3af94d44daf2aa1e0958687897fbd
  FBSDKLoginKit: d3d4a2e9d31954deb00bfea964167a05ca1ea976
  FBSDKShareKit: 54587b4624706ace1e810cf83412a918141f807a
  Google-Maps-iOS-SDK-for-Business: 3484cc7fa796151285e34e07fb272d8168db710f
  HockeySDK: ab68303eec6680f6b539de65d747742dd276e934
  MBProgressHUD: 1569cf7ace17a8bac47aabfbb8580a49690386d1
  MWPhotoBrowser: ba0d0c09ffda3a7ea10093518738c502c1c7141c
  SDWebImage: 69c6303e3348fba97e03f65d65d4fbc26740f461
  TwitterCore: cce24b3c798993ccde72787ea79ea9a478b284e4
  TwitterKit: 43600f2d2848c227739efea5b2939585e69339c3

COCOAPODS: 0.39.0
