// !$*UTF8*$!
{
	archiveVersion = 1;
	classes = {
	};
	objectVersion = 46;
	objects = {

/* Begin PBXBuildFile section */
		4921D9771C3EFD0B00ED2AA6 /* AppDelegate.swift in Sources */ = {isa = PBXBuildFile; fileRef = 4921D9761C3EFD0B00ED2AA6 /* AppDelegate.swift */; };
		4921D9791C3EFD0B00ED2AA6 /* ViewController.swift in Sources */ = {isa = PBXBuildFile; fileRef = 4921D9781C3EFD0B00ED2AA6 /* ViewController.swift */; };
		4921D97C1C3EFD0B00ED2AA6 /* Main.storyboard in Resources */ = {isa = PBXBuildFile; fileRef = 4921D97A1C3EFD0B00ED2AA6 /* Main.storyboard */; };
		4921D97F1C3EFD0B00ED2AA6 /* NextGenPOC_Native.xcdatamodeld in Sources */ = {isa = PBXBuildFile; fileRef = 4921D97D1C3EFD0B00ED2AA6 /* NextGenPOC_Native.xcdatamodeld */; };
		4921D9811C3EFD0B00ED2AA6 /* Assets.xcassets in Resources */ = {isa = PBXBuildFile; fileRef = 4921D9801C3EFD0B00ED2AA6 /* Assets.xcassets */; };
		4921D9841C3EFD0B00ED2AA6 /* LaunchScreen.storyboard in Resources */ = {isa = PBXBuildFile; fileRef = 4921D9821C3EFD0B00ED2AA6 /* LaunchScreen.storyboard */; };
		4921D98F1C3EFD0B00ED2AA6 /* NextGenPOC_NativeTests.swift in Sources */ = {isa = PBXBuildFile; fileRef = 4921D98E1C3EFD0B00ED2AA6 /* NextGenPOC_NativeTests.swift */; };
		4921D99A1C3EFD0B00ED2AA6 /* NextGenPOC_NativeUITests.swift in Sources */ = {isa = PBXBuildFile; fileRef = 4921D9991C3EFD0B00ED2AA6 /* NextGenPOC_NativeUITests.swift */; };
		4921D9BB1C3F04E400ED2AA6 /* home_bg.jpg in Resources */ = {isa = PBXBuildFile; fileRef = 4921D9B11C3F04E400ED2AA6 /* home_bg.jpg */; };
		4921D9BC1C3F04E400ED2AA6 /* home_extras_bg.jpg in Resources */ = {isa = PBXBuildFile; fileRef = 4921D9B21C3F04E400ED2AA6 /* home_extras_bg.jpg */; };
		4921D9BD1C3F04E400ED2AA6 /* home_extras_bts.jpg in Resources */ = {isa = PBXBuildFile; fileRef = 4921D9B31C3F04E400ED2AA6 /* home_extras_bts.jpg */; };
		4921D9BE1C3F04E400ED2AA6 /* home_extras_cast.jpg in Resources */ = {isa = PBXBuildFile; fileRef = 4921D9B41C3F04E400ED2AA6 /* home_extras_cast.jpg */; };
		4921D9BF1C3F04E400ED2AA6 /* home_extras_maps.jpg in Resources */ = {isa = PBXBuildFile; fileRef = 4921D9B51C3F04E400ED2AA6 /* home_extras_maps.jpg */; };
		4921D9C01C3F04E400ED2AA6 /* home_extras_shop.jpg in Resources */ = {isa = PBXBuildFile; fileRef = 4921D9B61C3F04E400ED2AA6 /* home_extras_shop.jpg */; };
		4921D9C11C3F04E400ED2AA6 /* menu_bg.jpg in Resources */ = {isa = PBXBuildFile; fileRef = 4921D9B71C3F04E400ED2AA6 /* menu_bg.jpg */; };
		4921D9C21C3F04E400ED2AA6 /* nav_extras.jpg in Resources */ = {isa = PBXBuildFile; fileRef = 4921D9B81C3F04E400ED2AA6 /* nav_extras.jpg */; };
		4921D9C31C3F04E400ED2AA6 /* nav_home.jpg in Resources */ = {isa = PBXBuildFile; fileRef = 4921D9B91C3F04E400ED2AA6 /* nav_home.jpg */; };
		4921D9C41C3F04E400ED2AA6 /* nav_scenes.jpg in Resources */ = {isa = PBXBuildFile; fileRef = 4921D9BA1C3F04E400ED2AA6 /* nav_scenes.jpg */; };
		4921D9C91C40676600ED2AA6 /* ExtrasViewController.swift in Sources */ = {isa = PBXBuildFile; fileRef = 4921D9C81C40676600ED2AA6 /* ExtrasViewController.swift */; };
		4921D9D31C4068C900ED2AA6 /* extras_actors.jpg in Resources */ = {isa = PBXBuildFile; fileRef = 4921D9CA1C4068C900ED2AA6 /* extras_actors.jpg */; };
		4921D9D41C4068C900ED2AA6 /* extras_bts.jpg in Resources */ = {isa = PBXBuildFile; fileRef = 4921D9CB1C4068C900ED2AA6 /* extras_bts.jpg */; };
		4921D9D51C4068C900ED2AA6 /* extras_galleries.jpg in Resources */ = {isa = PBXBuildFile; fileRef = 4921D9CC1C4068C900ED2AA6 /* extras_galleries.jpg */; };
		4921D9D61C4068C900ED2AA6 /* extras_krypton.jpg in Resources */ = {isa = PBXBuildFile; fileRef = 4921D9CD1C4068C900ED2AA6 /* extras_krypton.jpg */; };
		4921D9D71C4068C900ED2AA6 /* extras_legacy.jpg in Resources */ = {isa = PBXBuildFile; fileRef = 4921D9CE1C4068C900ED2AA6 /* extras_legacy.jpg */; };
		4921D9D81C4068C900ED2AA6 /* extras_places.jpg in Resources */ = {isa = PBXBuildFile; fileRef = 4921D9CF1C4068C900ED2AA6 /* extras_places.jpg */; };
		4921D9D91C4068C900ED2AA6 /* extras_scenes.jpg in Resources */ = {isa = PBXBuildFile; fileRef = 4921D9D01C4068C900ED2AA6 /* extras_scenes.jpg */; };
		4921D9DA1C4068C900ED2AA6 /* extras_shopping.jpg in Resources */ = {isa = PBXBuildFile; fileRef = 4921D9D11C4068C900ED2AA6 /* extras_shopping.jpg */; };
		4921D9DB1C4068C900ED2AA6 /* extras_universe.jpg in Resources */ = {isa = PBXBuildFile; fileRef = 4921D9D21C4068C900ED2AA6 /* extras_universe.jpg */; };
		4921D9F31C45ED9D00ED2AA6 /* ExtrasLayout.swift in Sources */ = {isa = PBXBuildFile; fileRef = 4921D9F21C45ED9D00ED2AA6 /* ExtrasLayout.swift */; };
		4921D9F51C45EF0A00ED2AA6 /* ActorsCell.xib in Resources */ = {isa = PBXBuildFile; fileRef = 4921D9F41C45EF0A00ED2AA6 /* ActorsCell.xib */; };
		4921D9FB1C45F12000ED2AA6 /* diane.jpg in Resources */ = {isa = PBXBuildFile; fileRef = 4921D9F61C45F12000ED2AA6 /* diane.jpg */; };
		4921D9FC1C45F12000ED2AA6 /* henry.jpg in Resources */ = {isa = PBXBuildFile; fileRef = 4921D9F71C45F12000ED2AA6 /* henry.jpg */; };
		4921D9FD1C45F12000ED2AA6 /* kevin.jpg in Resources */ = {isa = PBXBuildFile; fileRef = 4921D9F81C45F12000ED2AA6 /* kevin.jpg */; };
		4921D9FE1C45F12000ED2AA6 /* micheal.jpg in Resources */ = {isa = PBXBuildFile; fileRef = 4921D9F91C45F12000ED2AA6 /* micheal.jpg */; };
		4921D9FF1C45F12000ED2AA6 /* russell.jpg in Resources */ = {isa = PBXBuildFile; fileRef = 4921D9FA1C45F12000ED2AA6 /* russell.jpg */; };
		701B02681C45A28A0020DCD1 /* cornfield.png in Resources */ = {isa = PBXBuildFile; fileRef = 701B02671C45A28A0020DCD1 /* cornfield.png */; };
		701B026A1C45A5350020DCD1 /* SceneDetailCellView.swift in Sources */ = {isa = PBXBuildFile; fileRef = 701B02691C45A5350020DCD1 /* SceneDetailCellView.swift */; };
		701B026C1C45A5540020DCD1 /* SceneDetailCellView.xib in Resources */ = {isa = PBXBuildFile; fileRef = 701B026B1C45A5540020DCD1 /* SceneDetailCellView.xib */; };
		701B02701C45C0400020DCD1 /* InteriorExperienceViewController.swift in Sources */ = {isa = PBXBuildFile; fileRef = 701B026F1C45C0400020DCD1 /* InteriorExperienceViewController.swift */; };
		701B029D1C45C8990020DCD1 /* WBVideoPlayerExtensions.swift in Sources */ = {isa = PBXBuildFile; fileRef = 701B028B1C45C8990020DCD1 /* WBVideoPlayerExtensions.swift */; };
		701B029E1C45C8990020DCD1 /* WBVideoPlayerPlaybackView.m in Sources */ = {isa = PBXBuildFile; fileRef = 701B028D1C45C8990020DCD1 /* WBVideoPlayerPlaybackView.m */; };
		701B029F1C45C8990020DCD1 /* WBVideoPlayerViewController.m in Sources */ = {isa = PBXBuildFile; fileRef = 701B028F1C45C8990020DCD1 /* WBVideoPlayerViewController.m */; };
		707E107F1C4076EC00FCF81C /* TalentTableView.swift in Sources */ = {isa = PBXBuildFile; fileRef = 707E107E1C4076EC00FCF81C /* TalentTableView.swift */; };
		707E10811C40770D00FCF81C /* TalentTableViewCell.swift in Sources */ = {isa = PBXBuildFile; fileRef = 707E10801C40770D00FCF81C /* TalentTableViewCell.swift */; };
		707E10851C40797400FCF81C /* RoundImageView.swift in Sources */ = {isa = PBXBuildFile; fileRef = 707E10841C40797400FCF81C /* RoundImageView.swift */; };
		707E10871C407F6600FCF81C /* InteriorExperienceExtrasViewController.swift in Sources */ = {isa = PBXBuildFile; fileRef = 707E10861C407F6600FCF81C /* InteriorExperienceExtrasViewController.swift */; };
		707E108A1C40820500FCF81C /* Talent.swift in Sources */ = {isa = PBXBuildFile; fileRef = 707E10891C40820500FCF81C /* Talent.swift */; };
		707E108C1C408F8E00FCF81C /* TalentDetailView.swift in Sources */ = {isa = PBXBuildFile; fileRef = 707E108B1C408F8E00FCF81C /* TalentDetailView.swift */; };
		707E10911C4097C500FCF81C /* cavill_full.jpg in Resources */ = {isa = PBXBuildFile; fileRef = 707E108F1C4097C500FCF81C /* cavill_full.jpg */; };
		707E10921C4097C500FCF81C /* cavill_thumb.jpg in Resources */ = {isa = PBXBuildFile; fileRef = 707E10901C4097C500FCF81C /* cavill_thumb.jpg */; };
		707E10941C40996200FCF81C /* adams.jpg in Resources */ = {isa = PBXBuildFile; fileRef = 707E10931C40996200FCF81C /* adams.jpg */; };
		70B1E24A1C460DF50044FFD3 /* SceneDetailView.swift in Sources */ = {isa = PBXBuildFile; fileRef = 70B1E2491C460DF50044FFD3 /* SceneDetailView.swift */; };
		70C9E0B11C46CE8A002D3B5A /* VideoPlayerViewController.swift in Sources */ = {isa = PBXBuildFile; fileRef = 70C9E0B01C46CE8A002D3B5A /* VideoPlayerViewController.swift */; };
		70C9E0B31C46CECE002D3B5A /* Video.swift in Sources */ = {isa = PBXBuildFile; fileRef = 70C9E0B21C46CECE002D3B5A /* Video.swift */; };
/* End PBXBuildFile section */

/* Begin PBXContainerItemProxy section */
		4921D98B1C3EFD0B00ED2AA6 /* PBXContainerItemProxy */ = {
			isa = PBXContainerItemProxy;
			containerPortal = 4921D96B1C3EFD0B00ED2AA6 /* Project object */;
			proxyType = 1;
			remoteGlobalIDString = 4921D9721C3EFD0B00ED2AA6;
			remoteInfo = "NextGenPOC-Native";
		};
		4921D9961C3EFD0B00ED2AA6 /* PBXContainerItemProxy */ = {
			isa = PBXContainerItemProxy;
			containerPortal = 4921D96B1C3EFD0B00ED2AA6 /* Project object */;
			proxyType = 1;
			remoteGlobalIDString = 4921D9721C3EFD0B00ED2AA6;
			remoteInfo = "NextGenPOC-Native";
		};
/* End PBXContainerItemProxy section */

/* Begin PBXFileReference section */
		4921D9731C3EFD0B00ED2AA6 /* NextGenPOC-Native.app */ = {isa = PBXFileReference; explicitFileType = wrapper.application; includeInIndex = 0; path = "NextGenPOC-Native.app"; sourceTree = BUILT_PRODUCTS_DIR; };
		4921D9761C3EFD0B00ED2AA6 /* AppDelegate.swift */ = {isa = PBXFileReference; lastKnownFileType = sourcecode.swift; path = AppDelegate.swift; sourceTree = "<group>"; };
		4921D9781C3EFD0B00ED2AA6 /* ViewController.swift */ = {isa = PBXFileReference; lastKnownFileType = sourcecode.swift; path = ViewController.swift; sourceTree = "<group>"; };
		4921D97B1C3EFD0B00ED2AA6 /* Base */ = {isa = PBXFileReference; lastKnownFileType = file.storyboard; name = Base; path = Base.lproj/Main.storyboard; sourceTree = "<group>"; };
		4921D97E1C3EFD0B00ED2AA6 /* NextGenPOC_Native.xcdatamodel */ = {isa = PBXFileReference; lastKnownFileType = wrapper.xcdatamodel; path = NextGenPOC_Native.xcdatamodel; sourceTree = "<group>"; };
		4921D9801C3EFD0B00ED2AA6 /* Assets.xcassets */ = {isa = PBXFileReference; lastKnownFileType = folder.assetcatalog; path = Assets.xcassets; sourceTree = "<group>"; };
		4921D9831C3EFD0B00ED2AA6 /* Base */ = {isa = PBXFileReference; lastKnownFileType = file.storyboard; name = Base; path = Base.lproj/LaunchScreen.storyboard; sourceTree = "<group>"; };
		4921D9851C3EFD0B00ED2AA6 /* Info.plist */ = {isa = PBXFileReference; lastKnownFileType = text.plist.xml; path = Info.plist; sourceTree = "<group>"; };
		4921D98A1C3EFD0B00ED2AA6 /* NextGenPOC-NativeTests.xctest */ = {isa = PBXFileReference; explicitFileType = wrapper.cfbundle; includeInIndex = 0; path = "NextGenPOC-NativeTests.xctest"; sourceTree = BUILT_PRODUCTS_DIR; };
		4921D98E1C3EFD0B00ED2AA6 /* NextGenPOC_NativeTests.swift */ = {isa = PBXFileReference; lastKnownFileType = sourcecode.swift; path = NextGenPOC_NativeTests.swift; sourceTree = "<group>"; };
		4921D9901C3EFD0B00ED2AA6 /* Info.plist */ = {isa = PBXFileReference; lastKnownFileType = text.plist.xml; path = Info.plist; sourceTree = "<group>"; };
		4921D9951C3EFD0B00ED2AA6 /* NextGenPOC-NativeUITests.xctest */ = {isa = PBXFileReference; explicitFileType = wrapper.cfbundle; includeInIndex = 0; path = "NextGenPOC-NativeUITests.xctest"; sourceTree = BUILT_PRODUCTS_DIR; };
		4921D9991C3EFD0B00ED2AA6 /* NextGenPOC_NativeUITests.swift */ = {isa = PBXFileReference; lastKnownFileType = sourcecode.swift; path = NextGenPOC_NativeUITests.swift; sourceTree = "<group>"; };
		4921D99B1C3EFD0B00ED2AA6 /* Info.plist */ = {isa = PBXFileReference; lastKnownFileType = text.plist.xml; path = Info.plist; sourceTree = "<group>"; };
		4921D9B11C3F04E400ED2AA6 /* home_bg.jpg */ = {isa = PBXFileReference; lastKnownFileType = image.jpeg; path = home_bg.jpg; sourceTree = "<group>"; };
		4921D9B21C3F04E400ED2AA6 /* home_extras_bg.jpg */ = {isa = PBXFileReference; lastKnownFileType = image.jpeg; path = home_extras_bg.jpg; sourceTree = "<group>"; };
		4921D9B31C3F04E400ED2AA6 /* home_extras_bts.jpg */ = {isa = PBXFileReference; lastKnownFileType = image.jpeg; path = home_extras_bts.jpg; sourceTree = "<group>"; };
		4921D9B41C3F04E400ED2AA6 /* home_extras_cast.jpg */ = {isa = PBXFileReference; lastKnownFileType = image.jpeg; path = home_extras_cast.jpg; sourceTree = "<group>"; };
		4921D9B51C3F04E400ED2AA6 /* home_extras_maps.jpg */ = {isa = PBXFileReference; lastKnownFileType = image.jpeg; path = home_extras_maps.jpg; sourceTree = "<group>"; };
		4921D9B61C3F04E400ED2AA6 /* home_extras_shop.jpg */ = {isa = PBXFileReference; lastKnownFileType = image.jpeg; path = home_extras_shop.jpg; sourceTree = "<group>"; };
		4921D9B71C3F04E400ED2AA6 /* menu_bg.jpg */ = {isa = PBXFileReference; lastKnownFileType = image.jpeg; path = menu_bg.jpg; sourceTree = "<group>"; };
		4921D9B81C3F04E400ED2AA6 /* nav_extras.jpg */ = {isa = PBXFileReference; lastKnownFileType = image.jpeg; path = nav_extras.jpg; sourceTree = "<group>"; };
		4921D9B91C3F04E400ED2AA6 /* nav_home.jpg */ = {isa = PBXFileReference; lastKnownFileType = image.jpeg; path = nav_home.jpg; sourceTree = "<group>"; };
		4921D9BA1C3F04E400ED2AA6 /* nav_scenes.jpg */ = {isa = PBXFileReference; lastKnownFileType = image.jpeg; path = nav_scenes.jpg; sourceTree = "<group>"; };
		4921D9C81C40676600ED2AA6 /* ExtrasViewController.swift */ = {isa = PBXFileReference; fileEncoding = 4; lastKnownFileType = sourcecode.swift; name = ExtrasViewController.swift; path = ../ExtrasViewController.swift; sourceTree = "<group>"; };
		4921D9CA1C4068C900ED2AA6 /* extras_actors.jpg */ = {isa = PBXFileReference; lastKnownFileType = image.jpeg; path = extras_actors.jpg; sourceTree = "<group>"; };
		4921D9CB1C4068C900ED2AA6 /* extras_bts.jpg */ = {isa = PBXFileReference; lastKnownFileType = image.jpeg; path = extras_bts.jpg; sourceTree = "<group>"; };
		4921D9CC1C4068C900ED2AA6 /* extras_galleries.jpg */ = {isa = PBXFileReference; lastKnownFileType = image.jpeg; path = extras_galleries.jpg; sourceTree = "<group>"; };
		4921D9CD1C4068C900ED2AA6 /* extras_krypton.jpg */ = {isa = PBXFileReference; lastKnownFileType = image.jpeg; path = extras_krypton.jpg; sourceTree = "<group>"; };
		4921D9CE1C4068C900ED2AA6 /* extras_legacy.jpg */ = {isa = PBXFileReference; lastKnownFileType = image.jpeg; path = extras_legacy.jpg; sourceTree = "<group>"; };
		4921D9CF1C4068C900ED2AA6 /* extras_places.jpg */ = {isa = PBXFileReference; lastKnownFileType = image.jpeg; path = extras_places.jpg; sourceTree = "<group>"; };
		4921D9D01C4068C900ED2AA6 /* extras_scenes.jpg */ = {isa = PBXFileReference; lastKnownFileType = image.jpeg; path = extras_scenes.jpg; sourceTree = "<group>"; };
		4921D9D11C4068C900ED2AA6 /* extras_shopping.jpg */ = {isa = PBXFileReference; lastKnownFileType = image.jpeg; path = extras_shopping.jpg; sourceTree = "<group>"; };
		4921D9D21C4068C900ED2AA6 /* extras_universe.jpg */ = {isa = PBXFileReference; lastKnownFileType = image.jpeg; path = extras_universe.jpg; sourceTree = "<group>"; };
		4921D9F21C45ED9D00ED2AA6 /* ExtrasLayout.swift */ = {isa = PBXFileReference; fileEncoding = 4; lastKnownFileType = sourcecode.swift; name = ExtrasLayout.swift; path = ../ExtrasLayout.swift; sourceTree = "<group>"; };
		4921D9F41C45EF0A00ED2AA6 /* ActorsCell.xib */ = {isa = PBXFileReference; fileEncoding = 4; lastKnownFileType = file.xib; path = ActorsCell.xib; sourceTree = "<group>"; };
		4921D9F61C45F12000ED2AA6 /* diane.jpg */ = {isa = PBXFileReference; lastKnownFileType = image.jpeg; path = diane.jpg; sourceTree = "<group>"; };
		4921D9F71C45F12000ED2AA6 /* henry.jpg */ = {isa = PBXFileReference; lastKnownFileType = image.jpeg; path = henry.jpg; sourceTree = "<group>"; };
		4921D9F81C45F12000ED2AA6 /* kevin.jpg */ = {isa = PBXFileReference; lastKnownFileType = image.jpeg; path = kevin.jpg; sourceTree = "<group>"; };
		4921D9F91C45F12000ED2AA6 /* micheal.jpg */ = {isa = PBXFileReference; lastKnownFileType = image.jpeg; path = micheal.jpg; sourceTree = "<group>"; };
		4921D9FA1C45F12000ED2AA6 /* russell.jpg */ = {isa = PBXFileReference; lastKnownFileType = image.jpeg; path = russell.jpg; sourceTree = "<group>"; };
		701B02671C45A28A0020DCD1 /* cornfield.png */ = {isa = PBXFileReference; lastKnownFileType = image.png; path = cornfield.png; sourceTree = "<group>"; };
		701B02691C45A5350020DCD1 /* SceneDetailCellView.swift */ = {isa = PBXFileReference; fileEncoding = 4; lastKnownFileType = sourcecode.swift; path = SceneDetailCellView.swift; sourceTree = "<group>"; };
		701B026B1C45A5540020DCD1 /* SceneDetailCellView.xib */ = {isa = PBXFileReference; fileEncoding = 4; lastKnownFileType = file.xib; path = SceneDetailCellView.xib; sourceTree = "<group>"; };
		701B026F1C45C0400020DCD1 /* InteriorExperienceViewController.swift */ = {isa = PBXFileReference; fileEncoding = 4; lastKnownFileType = sourcecode.swift; path = InteriorExperienceViewController.swift; sourceTree = "<group>"; };
		701B028B1C45C8990020DCD1 /* WBVideoPlayerExtensions.swift */ = {isa = PBXFileReference; fileEncoding = 4; lastKnownFileType = sourcecode.swift; path = WBVideoPlayerExtensions.swift; sourceTree = "<group>"; };
		701B028C1C45C8990020DCD1 /* WBVideoPlayerPlaybackView.h */ = {isa = PBXFileReference; fileEncoding = 4; lastKnownFileType = sourcecode.c.h; path = WBVideoPlayerPlaybackView.h; sourceTree = "<group>"; };
		701B028D1C45C8990020DCD1 /* WBVideoPlayerPlaybackView.m */ = {isa = PBXFileReference; fileEncoding = 4; lastKnownFileType = sourcecode.c.objc; path = WBVideoPlayerPlaybackView.m; sourceTree = "<group>"; };
		701B028E1C45C8990020DCD1 /* WBVideoPlayerViewController.h */ = {isa = PBXFileReference; fileEncoding = 4; lastKnownFileType = sourcecode.c.h; path = WBVideoPlayerViewController.h; sourceTree = "<group>"; };
		701B028F1C45C8990020DCD1 /* WBVideoPlayerViewController.m */ = {isa = PBXFileReference; fileEncoding = 4; lastKnownFileType = sourcecode.c.objc; path = WBVideoPlayerViewController.m; sourceTree = "<group>"; };
		701B02A01C45CE280020DCD1 /* NextGen-Bridging-Header.h */ = {isa = PBXFileReference; fileEncoding = 4; lastKnownFileType = sourcecode.c.h; path = "NextGen-Bridging-Header.h"; sourceTree = "<group>"; };
		707E107E1C4076EC00FCF81C /* TalentTableView.swift */ = {isa = PBXFileReference; fileEncoding = 4; lastKnownFileType = sourcecode.swift; path = TalentTableView.swift; sourceTree = "<group>"; };
		707E10801C40770D00FCF81C /* TalentTableViewCell.swift */ = {isa = PBXFileReference; fileEncoding = 4; lastKnownFileType = sourcecode.swift; path = TalentTableViewCell.swift; sourceTree = "<group>"; };
		707E10841C40797400FCF81C /* RoundImageView.swift */ = {isa = PBXFileReference; fileEncoding = 4; lastKnownFileType = sourcecode.swift; path = RoundImageView.swift; sourceTree = "<group>"; };
		707E10861C407F6600FCF81C /* InteriorExperienceExtrasViewController.swift */ = {isa = PBXFileReference; fileEncoding = 4; lastKnownFileType = sourcecode.swift; path = InteriorExperienceExtrasViewController.swift; sourceTree = "<group>"; };
		707E10891C40820500FCF81C /* Talent.swift */ = {isa = PBXFileReference; fileEncoding = 4; lastKnownFileType = sourcecode.swift; path = Talent.swift; sourceTree = "<group>"; };
		707E108B1C408F8E00FCF81C /* TalentDetailView.swift */ = {isa = PBXFileReference; fileEncoding = 4; lastKnownFileType = sourcecode.swift; path = TalentDetailView.swift; sourceTree = "<group>"; };
		707E108F1C4097C500FCF81C /* cavill_full.jpg */ = {isa = PBXFileReference; lastKnownFileType = image.jpeg; path = cavill_full.jpg; sourceTree = "<group>"; };
		707E10901C4097C500FCF81C /* cavill_thumb.jpg */ = {isa = PBXFileReference; lastKnownFileType = image.jpeg; path = cavill_thumb.jpg; sourceTree = "<group>"; };
		707E10931C40996200FCF81C /* adams.jpg */ = {isa = PBXFileReference; lastKnownFileType = image.jpeg; path = adams.jpg; sourceTree = "<group>"; };
		70B1E2491C460DF50044FFD3 /* SceneDetailView.swift */ = {isa = PBXFileReference; fileEncoding = 4; lastKnownFileType = sourcecode.swift; path = SceneDetailView.swift; sourceTree = "<group>"; };
		70C9E0B01C46CE8A002D3B5A /* VideoPlayerViewController.swift */ = {isa = PBXFileReference; fileEncoding = 4; lastKnownFileType = sourcecode.swift; path = VideoPlayerViewController.swift; sourceTree = "<group>"; };
		70C9E0B21C46CECE002D3B5A /* Video.swift */ = {isa = PBXFileReference; fileEncoding = 4; lastKnownFileType = sourcecode.swift; path = Video.swift; sourceTree = "<group>"; };
/* End PBXFileReference section */

/* Begin PBXFrameworksBuildPhase section */
		4921D9701C3EFD0B00ED2AA6 /* Frameworks */ = {
			isa = PBXFrameworksBuildPhase;
			buildActionMask = 2147483647;
			files = (
			);
			runOnlyForDeploymentPostprocessing = 0;
		};
		4921D9871C3EFD0B00ED2AA6 /* Frameworks */ = {
			isa = PBXFrameworksBuildPhase;
			buildActionMask = 2147483647;
			files = (
			);
			runOnlyForDeploymentPostprocessing = 0;
		};
		4921D9921C3EFD0B00ED2AA6 /* Frameworks */ = {
			isa = PBXFrameworksBuildPhase;
			buildActionMask = 2147483647;
			files = (
			);
			runOnlyForDeploymentPostprocessing = 0;
		};
/* End PBXFrameworksBuildPhase section */

/* Begin PBXGroup section */
		4921D96A1C3EFD0B00ED2AA6 = {
			isa = PBXGroup;
			children = (
				4921D9C51C3F04EE00ED2AA6 /* Resources */,
				4921D9751C3EFD0B00ED2AA6 /* NextGenPOC-Native */,
				4921D98D1C3EFD0B00ED2AA6 /* NextGenPOC-NativeTests */,
				4921D9981C3EFD0B00ED2AA6 /* NextGenPOC-NativeUITests */,
				4921D9741C3EFD0B00ED2AA6 /* Products */,
			);
			sourceTree = "<group>";
		};
		4921D9741C3EFD0B00ED2AA6 /* Products */ = {
			isa = PBXGroup;
			children = (
				4921D9731C3EFD0B00ED2AA6 /* NextGenPOC-Native.app */,
				4921D98A1C3EFD0B00ED2AA6 /* NextGenPOC-NativeTests.xctest */,
				4921D9951C3EFD0B00ED2AA6 /* NextGenPOC-NativeUITests.xctest */,
			);
			name = Products;
			sourceTree = "<group>";
		};
		4921D9751C3EFD0B00ED2AA6 /* NextGenPOC-Native */ = {
			isa = PBXGroup;
			children = (
				707E107D1C4076BF00FCF81C /* Interior Experience */,
				707E10831C40796000FCF81C /* Shared Views */,
				707E10881C4081F700FCF81C /* Models */,
				4921D9761C3EFD0B00ED2AA6 /* AppDelegate.swift */,
				4921D9F41C45EF0A00ED2AA6 /* ActorsCell.xib */,
				4921D9781C3EFD0B00ED2AA6 /* ViewController.swift */,
				4921D97A1C3EFD0B00ED2AA6 /* Main.storyboard */,
				4921D9801C3EFD0B00ED2AA6 /* Assets.xcassets */,
				4921D9821C3EFD0B00ED2AA6 /* LaunchScreen.storyboard */,
				4921D9851C3EFD0B00ED2AA6 /* Info.plist */,
				4921D97D1C3EFD0B00ED2AA6 /* NextGenPOC_Native.xcdatamodeld */,
				701B02A01C45CE280020DCD1 /* NextGen-Bridging-Header.h */,
			);
			path = "NextGenPOC-Native";
			sourceTree = "<group>";
		};
		4921D98D1C3EFD0B00ED2AA6 /* NextGenPOC-NativeTests */ = {
			isa = PBXGroup;
			children = (
				4921D98E1C3EFD0B00ED2AA6 /* NextGenPOC_NativeTests.swift */,
				4921D9901C3EFD0B00ED2AA6 /* Info.plist */,
			);
			path = "NextGenPOC-NativeTests";
			sourceTree = "<group>";
		};
		4921D9981C3EFD0B00ED2AA6 /* NextGenPOC-NativeUITests */ = {
			isa = PBXGroup;
			children = (
				4921D9991C3EFD0B00ED2AA6 /* NextGenPOC_NativeUITests.swift */,
				4921D99B1C3EFD0B00ED2AA6 /* Info.plist */,
			);
			path = "NextGenPOC-NativeUITests";
			sourceTree = "<group>";
		};
		4921D9C51C3F04EE00ED2AA6 /* Resources */ = {
			isa = PBXGroup;
			children = (
				4921D9C61C40508D00ED2AA6 /* Home Screen */,
				4921D9C71C4050A100ED2AA6 /* Extras */,
				707E108E1C4097BD00FCF81C /* Talent */,
				701B02661C45A27D0020DCD1 /* Scene */,
			);
			name = Resources;
			path = "NextGenPOC-Native/Resources";
			sourceTree = "<group>";
		};
		4921D9C61C40508D00ED2AA6 /* Home Screen */ = {
			isa = PBXGroup;
			children = (
				4921D9B11C3F04E400ED2AA6 /* home_bg.jpg */,
				4921D9B21C3F04E400ED2AA6 /* home_extras_bg.jpg */,
				4921D9B31C3F04E400ED2AA6 /* home_extras_bts.jpg */,
				4921D9B41C3F04E400ED2AA6 /* home_extras_cast.jpg */,
				4921D9B51C3F04E400ED2AA6 /* home_extras_maps.jpg */,
				4921D9B61C3F04E400ED2AA6 /* home_extras_shop.jpg */,
				4921D9B71C3F04E400ED2AA6 /* menu_bg.jpg */,
				4921D9B81C3F04E400ED2AA6 /* nav_extras.jpg */,
				4921D9B91C3F04E400ED2AA6 /* nav_home.jpg */,
				4921D9BA1C3F04E400ED2AA6 /* nav_scenes.jpg */,
			);
			path = "Home Screen";
			sourceTree = "<group>";
		};
		4921D9C71C4050A100ED2AA6 /* Extras */ = {
			isa = PBXGroup;
			children = (
				4921D9CA1C4068C900ED2AA6 /* extras_actors.jpg */,
				4921D9CB1C4068C900ED2AA6 /* extras_bts.jpg */,
				4921D9CC1C4068C900ED2AA6 /* extras_galleries.jpg */,
				4921D9CD1C4068C900ED2AA6 /* extras_krypton.jpg */,
				4921D9CE1C4068C900ED2AA6 /* extras_legacy.jpg */,
				4921D9CF1C4068C900ED2AA6 /* extras_places.jpg */,
				4921D9D01C4068C900ED2AA6 /* extras_scenes.jpg */,
				4921D9D11C4068C900ED2AA6 /* extras_shopping.jpg */,
				4921D9D21C4068C900ED2AA6 /* extras_universe.jpg */,
			);
			path = Extras;
			sourceTree = "<group>";
		};
		701B02661C45A27D0020DCD1 /* Scene */ = {
			isa = PBXGroup;
			children = (
				701B02671C45A28A0020DCD1 /* cornfield.png */,
			);
			path = Scene;
			sourceTree = "<group>";
		};
		701B02711C45C8990020DCD1 /* Player */ = {
			isa = PBXGroup;
			children = (
				701B028B1C45C8990020DCD1 /* WBVideoPlayerExtensions.swift */,
				701B028C1C45C8990020DCD1 /* WBVideoPlayerPlaybackView.h */,
				701B028D1C45C8990020DCD1 /* WBVideoPlayerPlaybackView.m */,
				701B028E1C45C8990020DCD1 /* WBVideoPlayerViewController.h */,
				701B028F1C45C8990020DCD1 /* WBVideoPlayerViewController.m */,
				70C9E0B01C46CE8A002D3B5A /* VideoPlayerViewController.swift */,
			);
			path = Player;
			sourceTree = "<group>";
		};
		707E107D1C4076BF00FCF81C /* Interior Experience */ = {
			isa = PBXGroup;
			children = (
				701B02711C45C8990020DCD1 /* Player */,
				4921D9F21C45ED9D00ED2AA6 /* ExtrasLayout.swift */,
				4921D9C81C40676600ED2AA6 /* ExtrasViewController.swift */,
				707E10861C407F6600FCF81C /* InteriorExperienceExtrasViewController.swift */,
				701B026F1C45C0400020DCD1 /* InteriorExperienceViewController.swift */,
				701B02691C45A5350020DCD1 /* SceneDetailCellView.swift */,
				701B026B1C45A5540020DCD1 /* SceneDetailCellView.xib */,
				70B1E2491C460DF50044FFD3 /* SceneDetailView.swift */,
				707E108B1C408F8E00FCF81C /* TalentDetailView.swift */,
				707E107E1C4076EC00FCF81C /* TalentTableView.swift */,
				707E10801C40770D00FCF81C /* TalentTableViewCell.swift */,
			);
			path = "Interior Experience";
			sourceTree = "<group>";
		};
		707E10831C40796000FCF81C /* Shared Views */ = {
			isa = PBXGroup;
			children = (
				707E10841C40797400FCF81C /* RoundImageView.swift */,
			);
			path = "Shared Views";
			sourceTree = "<group>";
		};
		707E10881C4081F700FCF81C /* Models */ = {
			isa = PBXGroup;
			children = (
				707E10891C40820500FCF81C /* Talent.swift */,
				70C9E0B21C46CECE002D3B5A /* Video.swift */,
			);
			path = Models;
			sourceTree = "<group>";
		};
		707E108E1C4097BD00FCF81C /* Talent */ = {
			isa = PBXGroup;
			children = (
				4921D9F61C45F12000ED2AA6 /* diane.jpg */,
				4921D9F71C45F12000ED2AA6 /* henry.jpg */,
				4921D9F81C45F12000ED2AA6 /* kevin.jpg */,
				4921D9F91C45F12000ED2AA6 /* micheal.jpg */,
				4921D9FA1C45F12000ED2AA6 /* russell.jpg */,
				707E108F1C4097C500FCF81C /* cavill_full.jpg */,
				707E10901C4097C500FCF81C /* cavill_thumb.jpg */,
				707E10931C40996200FCF81C /* adams.jpg */,
			);
			path = Talent;
			sourceTree = "<group>";
		};
/* End PBXGroup section */

/* Begin PBXNativeTarget section */
		4921D9721C3EFD0B00ED2AA6 /* NextGenPOC-Native */ = {
			isa = PBXNativeTarget;
			buildConfigurationList = 4921D99E1C3EFD0B00ED2AA6 /* Build configuration list for PBXNativeTarget "NextGenPOC-Native" */;
			buildPhases = (
				4921D96F1C3EFD0B00ED2AA6 /* Sources */,
				4921D9701C3EFD0B00ED2AA6 /* Frameworks */,
				4921D9711C3EFD0B00ED2AA6 /* Resources */,
			);
			buildRules = (
			);
			dependencies = (
			);
			name = "NextGenPOC-Native";
			productName = "NextGenPOC-Native";
			productReference = 4921D9731C3EFD0B00ED2AA6 /* NextGenPOC-Native.app */;
			productType = "com.apple.product-type.application";
		};
		4921D9891C3EFD0B00ED2AA6 /* NextGenPOC-NativeTests */ = {
			isa = PBXNativeTarget;
			buildConfigurationList = 4921D9A11C3EFD0B00ED2AA6 /* Build configuration list for PBXNativeTarget "NextGenPOC-NativeTests" */;
			buildPhases = (
				4921D9861C3EFD0B00ED2AA6 /* Sources */,
				4921D9871C3EFD0B00ED2AA6 /* Frameworks */,
				4921D9881C3EFD0B00ED2AA6 /* Resources */,
			);
			buildRules = (
			);
			dependencies = (
				4921D98C1C3EFD0B00ED2AA6 /* PBXTargetDependency */,
			);
			name = "NextGenPOC-NativeTests";
			productName = "NextGenPOC-NativeTests";
			productReference = 4921D98A1C3EFD0B00ED2AA6 /* NextGenPOC-NativeTests.xctest */;
			productType = "com.apple.product-type.bundle.unit-test";
		};
		4921D9941C3EFD0B00ED2AA6 /* NextGenPOC-NativeUITests */ = {
			isa = PBXNativeTarget;
			buildConfigurationList = 4921D9A41C3EFD0B00ED2AA6 /* Build configuration list for PBXNativeTarget "NextGenPOC-NativeUITests" */;
			buildPhases = (
				4921D9911C3EFD0B00ED2AA6 /* Sources */,
				4921D9921C3EFD0B00ED2AA6 /* Frameworks */,
				4921D9931C3EFD0B00ED2AA6 /* Resources */,
			);
			buildRules = (
			);
			dependencies = (
				4921D9971C3EFD0B00ED2AA6 /* PBXTargetDependency */,
			);
			name = "NextGenPOC-NativeUITests";
			productName = "NextGenPOC-NativeUITests";
			productReference = 4921D9951C3EFD0B00ED2AA6 /* NextGenPOC-NativeUITests.xctest */;
			productType = "com.apple.product-type.bundle.ui-testing";
		};
/* End PBXNativeTarget section */

/* Begin PBXProject section */
		4921D96B1C3EFD0B00ED2AA6 /* Project object */ = {
			isa = PBXProject;
			attributes = {
				LastSwiftUpdateCheck = 0720;
				LastUpgradeCheck = 0720;
				ORGANIZATIONNAME = "Sedinam Gadzekpo";
				TargetAttributes = {
					4921D9721C3EFD0B00ED2AA6 = {
						CreatedOnToolsVersion = 7.2;
					};
					4921D9891C3EFD0B00ED2AA6 = {
						CreatedOnToolsVersion = 7.2;
						TestTargetID = 4921D9721C3EFD0B00ED2AA6;
					};
					4921D9941C3EFD0B00ED2AA6 = {
						CreatedOnToolsVersion = 7.2;
						TestTargetID = 4921D9721C3EFD0B00ED2AA6;
					};
				};
			};
			buildConfigurationList = 4921D96E1C3EFD0B00ED2AA6 /* Build configuration list for PBXProject "NextGenPOC-Native" */;
			compatibilityVersion = "Xcode 3.2";
			developmentRegion = English;
			hasScannedForEncodings = 0;
			knownRegions = (
				en,
				Base,
			);
			mainGroup = 4921D96A1C3EFD0B00ED2AA6;
			productRefGroup = 4921D9741C3EFD0B00ED2AA6 /* Products */;
			projectDirPath = "";
			projectRoot = "";
			targets = (
				4921D9721C3EFD0B00ED2AA6 /* NextGenPOC-Native */,
				4921D9891C3EFD0B00ED2AA6 /* NextGenPOC-NativeTests */,
				4921D9941C3EFD0B00ED2AA6 /* NextGenPOC-NativeUITests */,
			);
		};
/* End PBXProject section */

/* Begin PBXResourcesBuildPhase section */
		4921D9711C3EFD0B00ED2AA6 /* Resources */ = {
			isa = PBXResourcesBuildPhase;
			buildActionMask = 2147483647;
			files = (
				4921D9BC1C3F04E400ED2AA6 /* home_extras_bg.jpg in Resources */,
				4921D9F51C45EF0A00ED2AA6 /* ActorsCell.xib in Resources */,
				4921D9D71C4068C900ED2AA6 /* extras_legacy.jpg in Resources */,
				4921D9D51C4068C900ED2AA6 /* extras_galleries.jpg in Resources */,
				4921D9841C3EFD0B00ED2AA6 /* LaunchScreen.storyboard in Resources */,
				701B02681C45A28A0020DCD1 /* cornfield.png in Resources */,
				4921D9C01C3F04E400ED2AA6 /* home_extras_shop.jpg in Resources */,
				4921D9D61C4068C900ED2AA6 /* extras_krypton.jpg in Resources */,
				4921D9C11C3F04E400ED2AA6 /* menu_bg.jpg in Resources */,
				4921D9BF1C3F04E400ED2AA6 /* home_extras_maps.jpg in Resources */,
				4921D9FD1C45F12000ED2AA6 /* kevin.jpg in Resources */,
				701B026C1C45A5540020DCD1 /* SceneDetailCellView.xib in Resources */,
				4921D9811C3EFD0B00ED2AA6 /* Assets.xcassets in Resources */,
				4921D9D31C4068C900ED2AA6 /* extras_actors.jpg in Resources */,
				4921D97C1C3EFD0B00ED2AA6 /* Main.storyboard in Resources */,
				4921D9DB1C4068C900ED2AA6 /* extras_universe.jpg in Resources */,
				4921D9C21C3F04E400ED2AA6 /* nav_extras.jpg in Resources */,
				4921D9C31C3F04E400ED2AA6 /* nav_home.jpg in Resources */,
				4921D9BB1C3F04E400ED2AA6 /* home_bg.jpg in Resources */,
				4921D9FB1C45F12000ED2AA6 /* diane.jpg in Resources */,
				4921D9BE1C3F04E400ED2AA6 /* home_extras_cast.jpg in Resources */,
				4921D9D91C4068C900ED2AA6 /* extras_scenes.jpg in Resources */,
				707E10941C40996200FCF81C /* adams.jpg in Resources */,
				707E10921C4097C500FCF81C /* cavill_thumb.jpg in Resources */,
				707E10911C4097C500FCF81C /* cavill_full.jpg in Resources */,
				4921D9DA1C4068C900ED2AA6 /* extras_shopping.jpg in Resources */,
				4921D9BD1C3F04E400ED2AA6 /* home_extras_bts.jpg in Resources */,
				4921D9D81C4068C900ED2AA6 /* extras_places.jpg in Resources */,
				4921D9D41C4068C900ED2AA6 /* extras_bts.jpg in Resources */,
				4921D9FE1C45F12000ED2AA6 /* micheal.jpg in Resources */,
				4921D9FC1C45F12000ED2AA6 /* henry.jpg in Resources */,
				4921D9C41C3F04E400ED2AA6 /* nav_scenes.jpg in Resources */,
				4921D9FF1C45F12000ED2AA6 /* russell.jpg in Resources */,
			);
			runOnlyForDeploymentPostprocessing = 0;
		};
		4921D9881C3EFD0B00ED2AA6 /* Resources */ = {
			isa = PBXResourcesBuildPhase;
			buildActionMask = 2147483647;
			files = (
			);
			runOnlyForDeploymentPostprocessing = 0;
		};
		4921D9931C3EFD0B00ED2AA6 /* Resources */ = {
			isa = PBXResourcesBuildPhase;
			buildActionMask = 2147483647;
			files = (
			);
			runOnlyForDeploymentPostprocessing = 0;
		};
/* End PBXResourcesBuildPhase section */

/* Begin PBXSourcesBuildPhase section */
		4921D96F1C3EFD0B00ED2AA6 /* Sources */ = {
			isa = PBXSourcesBuildPhase;
			buildActionMask = 2147483647;
			files = (
				4921D9791C3EFD0B00ED2AA6 /* ViewController.swift in Sources */,
				4921D97F1C3EFD0B00ED2AA6 /* NextGenPOC_Native.xcdatamodeld in Sources */,
				701B026A1C45A5350020DCD1 /* SceneDetailCellView.swift in Sources */,
				4921D9771C3EFD0B00ED2AA6 /* AppDelegate.swift in Sources */,
				701B02701C45C0400020DCD1 /* InteriorExperienceViewController.swift in Sources */,
				701B029D1C45C8990020DCD1 /* WBVideoPlayerExtensions.swift in Sources */,
				701B029F1C45C8990020DCD1 /* WBVideoPlayerViewController.m in Sources */,
				707E107F1C4076EC00FCF81C /* TalentTableView.swift in Sources */,
				4921D9F31C45ED9D00ED2AA6 /* ExtrasLayout.swift in Sources */,
				707E10871C407F6600FCF81C /* InteriorExperienceExtrasViewController.swift in Sources */,
				70C9E0B11C46CE8A002D3B5A /* VideoPlayerViewController.swift in Sources */,
				707E10851C40797400FCF81C /* RoundImageView.swift in Sources */,
				707E108A1C40820500FCF81C /* Talent.swift in Sources */,
				701B029E1C45C8990020DCD1 /* WBVideoPlayerPlaybackView.m in Sources */,
				70B1E24A1C460DF50044FFD3 /* SceneDetailView.swift in Sources */,
				70C9E0B31C46CECE002D3B5A /* Video.swift in Sources */,
				707E108C1C408F8E00FCF81C /* TalentDetailView.swift in Sources */,
				4921D9C91C40676600ED2AA6 /* ExtrasViewController.swift in Sources */,
				707E10811C40770D00FCF81C /* TalentTableViewCell.swift in Sources */,
			);
			runOnlyForDeploymentPostprocessing = 0;
		};
		4921D9861C3EFD0B00ED2AA6 /* Sources */ = {
			isa = PBXSourcesBuildPhase;
			buildActionMask = 2147483647;
			files = (
				4921D98F1C3EFD0B00ED2AA6 /* NextGenPOC_NativeTests.swift in Sources */,
			);
			runOnlyForDeploymentPostprocessing = 0;
		};
		4921D9911C3EFD0B00ED2AA6 /* Sources */ = {
			isa = PBXSourcesBuildPhase;
			buildActionMask = 2147483647;
			files = (
				4921D99A1C3EFD0B00ED2AA6 /* NextGenPOC_NativeUITests.swift in Sources */,
			);
			runOnlyForDeploymentPostprocessing = 0;
		};
/* End PBXSourcesBuildPhase section */

/* Begin PBXTargetDependency section */
		4921D98C1C3EFD0B00ED2AA6 /* PBXTargetDependency */ = {
			isa = PBXTargetDependency;
			target = 4921D9721C3EFD0B00ED2AA6 /* NextGenPOC-Native */;
			targetProxy = 4921D98B1C3EFD0B00ED2AA6 /* PBXContainerItemProxy */;
		};
		4921D9971C3EFD0B00ED2AA6 /* PBXTargetDependency */ = {
			isa = PBXTargetDependency;
			target = 4921D9721C3EFD0B00ED2AA6 /* NextGenPOC-Native */;
			targetProxy = 4921D9961C3EFD0B00ED2AA6 /* PBXContainerItemProxy */;
		};
/* End PBXTargetDependency section */

/* Begin PBXVariantGroup section */
		4921D97A1C3EFD0B00ED2AA6 /* Main.storyboard */ = {
			isa = PBXVariantGroup;
			children = (
				4921D97B1C3EFD0B00ED2AA6 /* Base */,
			);
			name = Main.storyboard;
			sourceTree = "<group>";
		};
		4921D9821C3EFD0B00ED2AA6 /* LaunchScreen.storyboard */ = {
			isa = PBXVariantGroup;
			children = (
				4921D9831C3EFD0B00ED2AA6 /* Base */,
			);
			name = LaunchScreen.storyboard;
			sourceTree = "<group>";
		};
/* End PBXVariantGroup section */

/* Begin XCBuildConfiguration section */
		4921D99C1C3EFD0B00ED2AA6 /* Debug */ = {
			isa = XCBuildConfiguration;
			buildSettings = {
				ALWAYS_SEARCH_USER_PATHS = NO;
				CLANG_CXX_LANGUAGE_STANDARD = "gnu++0x";
				CLANG_CXX_LIBRARY = "libc++";
				CLANG_ENABLE_MODULES = YES;
				CLANG_ENABLE_OBJC_ARC = YES;
				CLANG_WARN_BOOL_CONVERSION = YES;
				CLANG_WARN_CONSTANT_CONVERSION = YES;
				CLANG_WARN_DIRECT_OBJC_ISA_USAGE = YES_ERROR;
				CLANG_WARN_EMPTY_BODY = YES;
				CLANG_WARN_ENUM_CONVERSION = YES;
				CLANG_WARN_INT_CONVERSION = YES;
				CLANG_WARN_OBJC_ROOT_CLASS = YES_ERROR;
				CLANG_WARN_UNREACHABLE_CODE = YES;
				CLANG_WARN__DUPLICATE_METHOD_MATCH = YES;
				"CODE_SIGN_IDENTITY[sdk=iphoneos*]" = "iPhone Developer";
				COPY_PHASE_STRIP = NO;
				DEBUG_INFORMATION_FORMAT = dwarf;
				ENABLE_STRICT_OBJC_MSGSEND = YES;
				ENABLE_TESTABILITY = YES;
				GCC_C_LANGUAGE_STANDARD = gnu99;
				GCC_DYNAMIC_NO_PIC = NO;
				GCC_NO_COMMON_BLOCKS = YES;
				GCC_OPTIMIZATION_LEVEL = 0;
				GCC_PREPROCESSOR_DEFINITIONS = (
					"DEBUG=1",
					"$(inherited)",
				);
				GCC_WARN_64_TO_32_BIT_CONVERSION = YES;
				GCC_WARN_ABOUT_RETURN_TYPE = YES_ERROR;
				GCC_WARN_UNDECLARED_SELECTOR = YES;
				GCC_WARN_UNINITIALIZED_AUTOS = YES_AGGRESSIVE;
				GCC_WARN_UNUSED_FUNCTION = YES;
				GCC_WARN_UNUSED_VARIABLE = YES;
				IPHONEOS_DEPLOYMENT_TARGET = 9.2;
				MTL_ENABLE_DEBUG_INFO = YES;
				ONLY_ACTIVE_ARCH = YES;
				SDKROOT = iphoneos;
				SWIFT_OPTIMIZATION_LEVEL = "-Onone";
				TARGETED_DEVICE_FAMILY = 2;
			};
			name = Debug;
		};
		4921D99D1C3EFD0B00ED2AA6 /* Release */ = {
			isa = XCBuildConfiguration;
			buildSettings = {
				ALWAYS_SEARCH_USER_PATHS = NO;
				CLANG_CXX_LANGUAGE_STANDARD = "gnu++0x";
				CLANG_CXX_LIBRARY = "libc++";
				CLANG_ENABLE_MODULES = YES;
				CLANG_ENABLE_OBJC_ARC = YES;
				CLANG_WARN_BOOL_CONVERSION = YES;
				CLANG_WARN_CONSTANT_CONVERSION = YES;
				CLANG_WARN_DIRECT_OBJC_ISA_USAGE = YES_ERROR;
				CLANG_WARN_EMPTY_BODY = YES;
				CLANG_WARN_ENUM_CONVERSION = YES;
				CLANG_WARN_INT_CONVERSION = YES;
				CLANG_WARN_OBJC_ROOT_CLASS = YES_ERROR;
				CLANG_WARN_UNREACHABLE_CODE = YES;
				CLANG_WARN__DUPLICATE_METHOD_MATCH = YES;
				"CODE_SIGN_IDENTITY[sdk=iphoneos*]" = "iPhone Developer";
				COPY_PHASE_STRIP = NO;
				DEBUG_INFORMATION_FORMAT = "dwarf-with-dsym";
				ENABLE_NS_ASSERTIONS = NO;
				ENABLE_STRICT_OBJC_MSGSEND = YES;
				GCC_C_LANGUAGE_STANDARD = gnu99;
				GCC_NO_COMMON_BLOCKS = YES;
				GCC_WARN_64_TO_32_BIT_CONVERSION = YES;
				GCC_WARN_ABOUT_RETURN_TYPE = YES_ERROR;
				GCC_WARN_UNDECLARED_SELECTOR = YES;
				GCC_WARN_UNINITIALIZED_AUTOS = YES_AGGRESSIVE;
				GCC_WARN_UNUSED_FUNCTION = YES;
				GCC_WARN_UNUSED_VARIABLE = YES;
				IPHONEOS_DEPLOYMENT_TARGET = 9.2;
				MTL_ENABLE_DEBUG_INFO = NO;
				SDKROOT = iphoneos;
				TARGETED_DEVICE_FAMILY = 2;
				VALIDATE_PRODUCT = YES;
			};
			name = Release;
		};
		4921D99F1C3EFD0B00ED2AA6 /* Debug */ = {
			isa = XCBuildConfiguration;
			buildSettings = {
				ASSETCATALOG_COMPILER_APPICON_NAME = AppIcon;
				INFOPLIST_FILE = "NextGenPOC-Native/Info.plist";
				LD_RUNPATH_SEARCH_PATHS = "$(inherited) @executable_path/Frameworks";
				PRODUCT_BUNDLE_IDENTIFIER = "com.SG.NextGenPOC-Native";
				PRODUCT_NAME = "$(TARGET_NAME)";
				SWIFT_OBJC_BRIDGING_HEADER = "NextGenPOC-Native/NextGen-Bridging-Header.h";
			};
			name = Debug;
		};
		4921D9A01C3EFD0B00ED2AA6 /* Release */ = {
			isa = XCBuildConfiguration;
			buildSettings = {
				ASSETCATALOG_COMPILER_APPICON_NAME = AppIcon;
				INFOPLIST_FILE = "NextGenPOC-Native/Info.plist";
				LD_RUNPATH_SEARCH_PATHS = "$(inherited) @executable_path/Frameworks";
				PRODUCT_BUNDLE_IDENTIFIER = "com.SG.NextGenPOC-Native";
				PRODUCT_NAME = "$(TARGET_NAME)";
				SWIFT_OBJC_BRIDGING_HEADER = "NextGenPOC-Native/NextGen-Bridging-Header.h";
			};
			name = Release;
		};
		4921D9A21C3EFD0B00ED2AA6 /* Debug */ = {
			isa = XCBuildConfiguration;
			buildSettings = {
				BUNDLE_LOADER = "$(TEST_HOST)";
				INFOPLIST_FILE = "NextGenPOC-NativeTests/Info.plist";
				LD_RUNPATH_SEARCH_PATHS = "$(inherited) @executable_path/Frameworks @loader_path/Frameworks";
				PRODUCT_BUNDLE_IDENTIFIER = "com.SG.NextGenPOC-NativeTests";
				PRODUCT_NAME = "$(TARGET_NAME)";
				TEST_HOST = "$(BUILT_PRODUCTS_DIR)/NextGenPOC-Native.app/NextGenPOC-Native";
			};
			name = Debug;
		};
		4921D9A31C3EFD0B00ED2AA6 /* Release */ = {
			isa = XCBuildConfiguration;
			buildSettings = {
				BUNDLE_LOADER = "$(TEST_HOST)";
				INFOPLIST_FILE = "NextGenPOC-NativeTests/Info.plist";
				LD_RUNPATH_SEARCH_PATHS = "$(inherited) @executable_path/Frameworks @loader_path/Frameworks";
				PRODUCT_BUNDLE_IDENTIFIER = "com.SG.NextGenPOC-NativeTests";
				PRODUCT_NAME = "$(TARGET_NAME)";
				TEST_HOST = "$(BUILT_PRODUCTS_DIR)/NextGenPOC-Native.app/NextGenPOC-Native";
			};
			name = Release;
		};
		4921D9A51C3EFD0B00ED2AA6 /* Debug */ = {
			isa = XCBuildConfiguration;
			buildSettings = {
				INFOPLIST_FILE = "NextGenPOC-NativeUITests/Info.plist";
				LD_RUNPATH_SEARCH_PATHS = "$(inherited) @executable_path/Frameworks @loader_path/Frameworks";
				PRODUCT_BUNDLE_IDENTIFIER = "com.SG.NextGenPOC-NativeUITests";
				PRODUCT_NAME = "$(TARGET_NAME)";
				TEST_TARGET_NAME = "NextGenPOC-Native";
				USES_XCTRUNNER = YES;
			};
			name = Debug;
		};
		4921D9A61C3EFD0B00ED2AA6 /* Release */ = {
			isa = XCBuildConfiguration;
			buildSettings = {
				INFOPLIST_FILE = "NextGenPOC-NativeUITests/Info.plist";
				LD_RUNPATH_SEARCH_PATHS = "$(inherited) @executable_path/Frameworks @loader_path/Frameworks";
				PRODUCT_BUNDLE_IDENTIFIER = "com.SG.NextGenPOC-NativeUITests";
				PRODUCT_NAME = "$(TARGET_NAME)";
				TEST_TARGET_NAME = "NextGenPOC-Native";
				USES_XCTRUNNER = YES;
			};
			name = Release;
		};
/* End XCBuildConfiguration section */

/* Begin XCConfigurationList section */
		4921D96E1C3EFD0B00ED2AA6 /* Build configuration list for PBXProject "NextGenPOC-Native" */ = {
			isa = XCConfigurationList;
			buildConfigurations = (
				4921D99C1C3EFD0B00ED2AA6 /* Debug */,
				4921D99D1C3EFD0B00ED2AA6 /* Release */,
			);
			defaultConfigurationIsVisible = 0;
			defaultConfigurationName = Release;
		};
		4921D99E1C3EFD0B00ED2AA6 /* Build configuration list for PBXNativeTarget "NextGenPOC-Native" */ = {
			isa = XCConfigurationList;
			buildConfigurations = (
				4921D99F1C3EFD0B00ED2AA6 /* Debug */,
				4921D9A01C3EFD0B00ED2AA6 /* Release */,
			);
			defaultConfigurationIsVisible = 0;
			defaultConfigurationName = Release;
		};
		4921D9A11C3EFD0B00ED2AA6 /* Build configuration list for PBXNativeTarget "NextGenPOC-NativeTests" */ = {
			isa = XCConfigurationList;
			buildConfigurations = (
				4921D9A21C3EFD0B00ED2AA6 /* Debug */,
				4921D9A31C3EFD0B00ED2AA6 /* Release */,
			);
			defaultConfigurationIsVisible = 0;
			defaultConfigurationName = Release;
		};
		4921D9A41C3EFD0B00ED2AA6 /* Build configuration list for PBXNativeTarget "NextGenPOC-NativeUITests" */ = {
			isa = XCConfigurationList;
			buildConfigurations = (
				4921D9A51C3EFD0B00ED2AA6 /* Debug */,
				4921D9A61C3EFD0B00ED2AA6 /* Release */,
			);
			defaultConfigurationIsVisible = 0;
			defaultConfigurationName = Release;
		};
/* End XCConfigurationList section */

/* Begin XCVersionGroup section */
		4921D97D1C3EFD0B00ED2AA6 /* NextGenPOC_Native.xcdatamodeld */ = {
			isa = XCVersionGroup;
			children = (
				4921D97E1C3EFD0B00ED2AA6 /* NextGenPOC_Native.xcdatamodel */,
			);
			currentVersion = 4921D97E1C3EFD0B00ED2AA6 /* NextGenPOC_Native.xcdatamodel */;
			path = NextGenPOC_Native.xcdatamodeld;
			sourceTree = "<group>";
			versionGroupType = wrapper.xcdatamodel;
		};
/* End XCVersionGroup section */
	};
	rootObject = 4921D96B1C3EFD0B00ED2AA6 /* Project object */;
}
